
Microsoft Visual Studio Solution File, Format Version 12.00
# Visual Studio Version 17
VisualStudioVersion = 17.12.35527.113
MinimumVisualStudioVersion = 10.0.40219.1
Project("{FAE04EC0-301F-11D3-BF4B-00C04F79EFBC}") = "SubmissionService.API", "src\API\SubmissionService.API.csproj", "{28BAA4A6-FFDB-4B31-B6C1-BF7383355955}"
EndProject
Project("{FAE04EC0-301F-11D3-BF4B-00C04F79EFBC}") = "SubmissionService.Application", "src\Application\SubmissionService.Application.csproj", "{2D3635F5-2A27-42C2-A757-021A79BD50B1}"
EndProject
Project("{FAE04EC0-301F-11D3-BF4B-00C04F79EFBC}") = "SubmissionService.Domain", "src\Domain\SubmissionService.Domain.csproj", "{A810EA04-DAFD-41A1-BB68-3721EBB80994}"
EndProject
Project("{FAE04EC0-301F-11D3-BF4B-00C04F79EFBC}") = "SubmissionService.Infrastructure", "src\Infrastructure\SubmissionService.Infrastructure.csproj", "{7AEB7718-AD0A-4257-9B37-7CD354F0F1D3}"
EndProject
Project("{2150E333-8FDC-42A3-9474-1A3956D46DE8}") = "src", "src", "{AA64A05B-D567-4B90-AFCE-EB9E3115A4F1}"
EndProject
Project("{2150E333-8FDC-42A3-9474-1A3956D46DE8}") = "test", "test", "{9D4F50AC-7814-46F1-AE70-BDE5C3A3F53B}"
EndProject
Global
	GlobalSection(SolutionConfigurationPlatforms) = preSolution
		Debug|Any CPU = Debug|Any CPU
		Release|Any CPU = Release|Any CPU
	EndGlobalSection
	GlobalSection(ProjectConfigurationPlatforms) = postSolution
		{28BAA4A6-FFDB-4B31-B6C1-BF7383355955}.Debug|Any CPU.ActiveCfg = Debug|Any CPU
		{28BAA4A6-FFDB-4B31-B6C1-BF7383355955}.Debug|Any CPU.Build.0 = Debug|Any CPU
		{28BAA4A6-FFDB-4B31-B6C1-BF7383355955}.Release|Any CPU.ActiveCfg = Release|Any CPU
		{28BAA4A6-FFDB-4B31-B6C1-BF7383355955}.Release|Any CPU.Build.0 = Release|Any CPU
		{2D3635F5-2A27-42C2-A757-021A79BD50B1}.Debug|Any CPU.ActiveCfg = Debug|Any CPU
		{2D3635F5-2A27-42C2-A757-021A79BD50B1}.Debug|Any CPU.Build.0 = Debug|Any CPU
		{2D3635F5-2A27-42C2-A757-021A79BD50B1}.Release|Any CPU.ActiveCfg = Release|Any CPU
		{2D3635F5-2A27-42C2-A757-021A79BD50B1}.Release|Any CPU.Build.0 = Release|Any CPU
		{A810EA04-DAFD-41A1-BB68-3721EBB80994}.Debug|Any CPU.ActiveCfg = Debug|Any CPU
		{A810EA04-DAFD-41A1-BB68-3721EBB80994}.Debug|Any CPU.Build.0 = Debug|Any CPU
		{A810EA04-DAFD-41A1-BB68-3721EBB80994}.Release|Any CPU.ActiveCfg = Release|Any CPU
		{A810EA04-DAFD-41A1-BB68-3721EBB80994}.Release|Any CPU.Build.0 = Release|Any CPU
		{7AEB7718-AD0A-4257-9B37-7CD354F0F1D3}.Debug|Any CPU.ActiveCfg = Debug|Any CPU
		{7AEB7718-AD0A-4257-9B37-7CD354F0F1D3}.Debug|Any CPU.Build.0 = Debug|Any CPU
		{7AEB7718-AD0A-4257-9B37-7CD354F0F1D3}.Release|Any CPU.ActiveCfg = Release|Any CPU
		{7AEB7718-AD0A-4257-9B37-7CD354F0F1D3}.Release|Any CPU.Build.0 = Release|Any CPU
	EndGlobalSection
	GlobalSection(SolutionProperties) = preSolution
		HideSolutionNode = FALSE
	EndGlobalSection
	GlobalSection(NestedProjects) = preSolution
		{28BAA4A6-FFDB-4B31-B6C1-BF7383355955} = {AA64A05B-D567-4B90-AFCE-EB9E3115A4F1}
		{2D3635F5-2A27-42C2-A757-021A79BD50B1} = {AA64A05B-D567-4B90-AFCE-EB9E3115A4F1}
		{A810EA04-DAFD-41A1-BB68-3721EBB80994} = {AA64A05B-D567-4B90-AFCE-EB9E3115A4F1}
		{7AEB7718-AD0A-4257-9B37-7CD354F0F1D3} = {AA64A05B-D567-4B90-AFCE-EB9E3115A4F1}
	EndGlobalSection
EndGlobal
